
Microsoft Visual Studio Solution File, Format Version 12.00
# Visual Studio Version 17
VisualStudioVersion = 17.7.34031.279
MinimumVisualStudioVersion = 10.0.40219.1
Project("{FAE04EC0-301F-11D3-BF4B-00C04F79EFBC}") = "demogitcnpm", "demogitcnpm\demogitcnpm.csproj", "{0377D110-9163-410E-BD8C-345DF74BC9A2}"
EndProject
Global
	GlobalSection(SolutionConfigurationPlatforms) = preSolution
		Debug|Any CPU = Debug|Any CPU
		Release|Any CPU = Release|Any CPU
	EndGlobalSection
	GlobalSection(ProjectConfigurationPlatforms) = postSolution
		{0377D110-9163-410E-BD8C-345DF74BC9A2}.Debug|Any CPU.ActiveCfg = Debug|Any CPU
		{0377D110-9163-410E-BD8C-345DF74BC9A2}.Debug|Any CPU.Build.0 = Debug|Any CPU
		{0377D110-9163-410E-BD8C-345DF74BC9A2}.Release|Any CPU.ActiveCfg = Release|Any CPU
		{0377D110-9163-410E-BD8C-345DF74BC9A2}.Release|Any CPU.Build.0 = Release|Any CPU
	EndGlobalSection
	GlobalSection(SolutionProperties) = preSolution
		HideSolutionNode = FALSE
	EndGlobalSection
	GlobalSection(ExtensibilityGlobals) = postSolution
		SolutionGuid = {450208E9-7835-4A84-B1A6-5003CDEB55E2}
	EndGlobalSection
EndGlobal
